
Microsoft Visual Studio Solution File, Format Version 12.00
# Visual Studio Version 16
VisualStudioVersion = 16.0.31205.134
MinimumVisualStudioVersion = 10.0.40219.1
Project("{FAE04EC0-301F-11D3-BF4B-00C04F79EFBC}") = "WebAppUsingWhatsAPP", "WebAppUsingWhatsAPP\WebAppUsingWhatsAPP.csproj", "{CEA95194-5BFF-4D2F-9260-61AE802A6DCC}"
EndProject
Global
	GlobalSection(SolutionConfigurationPlatforms) = preSolution
		Debug|Any CPU = Debug|Any CPU
		Release|Any CPU = Release|Any CPU
	EndGlobalSection
	GlobalSection(ProjectConfigurationPlatforms) = postSolution
		{CEA95194-5BFF-4D2F-9260-61AE802A6DCC}.Debug|Any CPU.ActiveCfg = Debug|Any CPU
		{CEA95194-5BFF-4D2F-9260-61AE802A6DCC}.Debug|Any CPU.Build.0 = Debug|Any CPU
		{CEA95194-5BFF-4D2F-9260-61AE802A6DCC}.Release|Any CPU.ActiveCfg = Release|Any CPU
		{CEA95194-5BFF-4D2F-9260-61AE802A6DCC}.Release|Any CPU.Build.0 = Release|Any CPU
	EndGlobalSection
	GlobalSection(SolutionProperties) = preSolution
		HideSolutionNode = FALSE
	EndGlobalSection
	GlobalSection(ExtensibilityGlobals) = postSolution
		SolutionGuid = {510273CB-18E0-469F-9720-E487B06EECA0}
	EndGlobalSection
EndGlobal
